// !$*UTF8*$!
{
	archiveVersion = 1;
	classes = {
	};
	objectVersion = 46;
	objects = {

/* Begin PBXBuildFile section */
		2E6257C71F58121E00897335 /* SWBaseViewController.swift in Sources */ = {isa = PBXBuildFile; fileRef = 2E6257C61F58121E00897335 /* SWBaseViewController.swift */; };
		2E6257C91F5812E700897335 /* SWMoreViewController.swift in Sources */ = {isa = PBXBuildFile; fileRef = 2E6257C81F5812E700897335 /* SWMoreViewController.swift */; };
		2E6257CB1F58237100897335 /* SWMenuViewController.swift in Sources */ = {isa = PBXBuildFile; fileRef = 2E6257CA1F58237100897335 /* SWMenuViewController.swift */; };
		2E6257CD1F58237D00897335 /* SWTypeViewController.swift in Sources */ = {isa = PBXBuildFile; fileRef = 2E6257CC1F58237D00897335 /* SWTypeViewController.swift */; };
		2E686AA51F57C3CF004F6E43 /* AppDelegate.swift in Sources */ = {isa = PBXBuildFile; fileRef = 2E686AA41F57C3CF004F6E43 /* AppDelegate.swift */; };
		2E686AAC1F57C3CF004F6E43 /* Assets.xcassets in Resources */ = {isa = PBXBuildFile; fileRef = 2E686AAB1F57C3CF004F6E43 /* Assets.xcassets */; };
		2E686AB81F57CBCE004F6E43 /* SWMainViewController.swift in Sources */ = {isa = PBXBuildFile; fileRef = 2E686AB71F57CBCE004F6E43 /* SWMainViewController.swift */; };
		2E686ABD1F57CC42004F6E43 /* SWConstants.swift in Sources */ = {isa = PBXBuildFile; fileRef = 2E686ABC1F57CC42004F6E43 /* SWConstants.swift */; };
		2E8BB8931F58EE5500FD9B5D /* SWCollectionViewController.swift in Sources */ = {isa = PBXBuildFile; fileRef = 2E8BB8921F58EE5500FD9B5D /* SWCollectionViewController.swift */; };
		2E8BB8971F59392800FD9B5D /* SWMenuTypeCell.swift in Sources */ = {isa = PBXBuildFile; fileRef = 2E8BB8961F59392800FD9B5D /* SWMenuTypeCell.swift */; };
		2E8BB8991F5942CD00FD9B5D /* SWMenuHelper.swift in Sources */ = {isa = PBXBuildFile; fileRef = 2E8BB8981F5942CD00FD9B5D /* SWMenuHelper.swift */; };
		2E8BB89B1F59532500FD9B5D /* SWMenuBannerView.swift in Sources */ = {isa = PBXBuildFile; fileRef = 2E8BB89A1F59532500FD9B5D /* SWMenuBannerView.swift */; };
		B277E0B7142F397D3D900498 /* Pods_SWCookMenu.framework in Frameworks */ = {isa = PBXBuildFile; fileRef = 09E1CE8CD6DCCEDC3F04B822 /* Pods_SWCookMenu.framework */; };
/* End PBXBuildFile section */

/* Begin PBXFileReference section */
		09E1CE8CD6DCCEDC3F04B822 /* Pods_SWCookMenu.framework */ = {isa = PBXFileReference; explicitFileType = wrapper.framework; includeInIndex = 0; path = Pods_SWCookMenu.framework; sourceTree = BUILT_PRODUCTS_DIR; };
		2E6257C61F58121E00897335 /* SWBaseViewController.swift */ = {isa = PBXFileReference; fileEncoding = 4; lastKnownFileType = sourcecode.swift; path = SWBaseViewController.swift; sourceTree = "<group>"; };
		2E6257C81F5812E700897335 /* SWMoreViewController.swift */ = {isa = PBXFileReference; fileEncoding = 4; lastKnownFileType = sourcecode.swift; path = SWMoreViewController.swift; sourceTree = "<group>"; };
		2E6257CA1F58237100897335 /* SWMenuViewController.swift */ = {isa = PBXFileReference; fileEncoding = 4; lastKnownFileType = sourcecode.swift; path = SWMenuViewController.swift; sourceTree = "<group>"; };
		2E6257CC1F58237D00897335 /* SWTypeViewController.swift */ = {isa = PBXFileReference; fileEncoding = 4; lastKnownFileType = sourcecode.swift; path = SWTypeViewController.swift; sourceTree = "<group>"; };
		2E686AA11F57C3CF004F6E43 /* SWCookMenu.app */ = {isa = PBXFileReference; explicitFileType = wrapper.application; includeInIndex = 0; path = SWCookMenu.app; sourceTree = BUILT_PRODUCTS_DIR; };
		2E686AA41F57C3CF004F6E43 /* AppDelegate.swift */ = {isa = PBXFileReference; lastKnownFileType = sourcecode.swift; path = AppDelegate.swift; sourceTree = "<group>"; };
		2E686AAB1F57C3CF004F6E43 /* Assets.xcassets */ = {isa = PBXFileReference; lastKnownFileType = folder.assetcatalog; path = Assets.xcassets; sourceTree = "<group>"; };
		2E686AB01F57C3CF004F6E43 /* Info.plist */ = {isa = PBXFileReference; lastKnownFileType = text.plist.xml; path = Info.plist; sourceTree = "<group>"; };
		2E686AB71F57CBCE004F6E43 /* SWMainViewController.swift */ = {isa = PBXFileReference; fileEncoding = 4; lastKnownFileType = sourcecode.swift; path = SWMainViewController.swift; sourceTree = "<group>"; };
		2E686ABC1F57CC42004F6E43 /* SWConstants.swift */ = {isa = PBXFileReference; fileEncoding = 4; lastKnownFileType = sourcecode.swift; path = SWConstants.swift; sourceTree = "<group>"; };
		2E8BB8921F58EE5500FD9B5D /* SWCollectionViewController.swift */ = {isa = PBXFileReference; fileEncoding = 4; lastKnownFileType = sourcecode.swift; path = SWCollectionViewController.swift; sourceTree = "<group>"; };
		2E8BB8961F59392800FD9B5D /* SWMenuTypeCell.swift */ = {isa = PBXFileReference; fileEncoding = 4; lastKnownFileType = sourcecode.swift; path = SWMenuTypeCell.swift; sourceTree = "<group>"; };
		2E8BB8981F5942CD00FD9B5D /* SWMenuHelper.swift */ = {isa = PBXFileReference; fileEncoding = 4; lastKnownFileType = sourcecode.swift; path = SWMenuHelper.swift; sourceTree = "<group>"; };
		2E8BB89A1F59532500FD9B5D /* SWMenuBannerView.swift */ = {isa = PBXFileReference; fileEncoding = 4; lastKnownFileType = sourcecode.swift; path = SWMenuBannerView.swift; sourceTree = "<group>"; };
		3E3EE0D3E52209B1A26B5E12 /* Pods-SWCookMenu.release.xcconfig */ = {isa = PBXFileReference; includeInIndex = 1; lastKnownFileType = text.xcconfig; name = "Pods-SWCookMenu.release.xcconfig"; path = "Pods/Target Support Files/Pods-SWCookMenu/Pods-SWCookMenu.release.xcconfig"; sourceTree = "<group>"; };
		D13CDE48D260497215F71EF8 /* Pods-SWCookMenu.debug.xcconfig */ = {isa = PBXFileReference; includeInIndex = 1; lastKnownFileType = text.xcconfig; name = "Pods-SWCookMenu.debug.xcconfig"; path = "Pods/Target Support Files/Pods-SWCookMenu/Pods-SWCookMenu.debug.xcconfig"; sourceTree = "<group>"; };
/* End PBXFileReference section */

/* Begin PBXFrameworksBuildPhase section */
		2E686A9E1F57C3CF004F6E43 /* Frameworks */ = {
			isa = PBXFrameworksBuildPhase;
			buildActionMask = 2147483647;
			files = (
				B277E0B7142F397D3D900498 /* Pods_SWCookMenu.framework in Frameworks */,
			);
			runOnlyForDeploymentPostprocessing = 0;
		};
/* End PBXFrameworksBuildPhase section */

/* Begin PBXGroup section */
		23F41E612CED0CEABF321F0E /* Frameworks */ = {
			isa = PBXGroup;
			children = (
				09E1CE8CD6DCCEDC3F04B822 /* Pods_SWCookMenu.framework */,
			);
			name = Frameworks;
			sourceTree = "<group>";
		};
		2E6257BF1F5810E900897335 /* Classes */ = {
			isa = PBXGroup;
			children = (
				2E6257C11F5811C800897335 /* More */,
				2E6257C21F5811C800897335 /* Type */,
				2E6257C31F5811C800897335 /* Menu */,
			);
			path = Classes;
			sourceTree = "<group>";
		};
		2E6257C11F5811C800897335 /* More */ = {
			isa = PBXGroup;
			children = (
				2E6257C81F5812E700897335 /* SWMoreViewController.swift */,
				2E8BB8921F58EE5500FD9B5D /* SWCollectionViewController.swift */,
				2E6257CE1F585B5300897335 /* View */,
				2E6257CF1F585B5300897335 /* Model */,
			);
			path = More;
			sourceTree = "<group>";
		};
		2E6257C21F5811C800897335 /* Type */ = {
			isa = PBXGroup;
			children = (
				2E6257CC1F58237D00897335 /* SWTypeViewController.swift */,
			);
			path = Type;
			sourceTree = "<group>";
		};
		2E6257C31F5811C800897335 /* Menu */ = {
			isa = PBXGroup;
			children = (
				2E6257CA1F58237100897335 /* SWMenuViewController.swift */,
				2E8BB8941F5910B300FD9B5D /* View */,
				2E8BB8951F5910B300FD9B5D /* Model */,
			);
			path = Menu;
			sourceTree = "<group>";
		};
		2E6257C41F58120D00897335 /* Base */ = {
			isa = PBXGroup;
			children = (
				2E6257C51F58120D00897335 /* BaseController */,
			);
			path = Base;
			sourceTree = "<group>";
		};
		2E6257C51F58120D00897335 /* BaseController */ = {
			isa = PBXGroup;
			children = (
				2E6257C61F58121E00897335 /* SWBaseViewController.swift */,
			);
			path = BaseController;
			sourceTree = "<group>";
		};
		2E6257CE1F585B5300897335 /* View */ = {
			isa = PBXGroup;
			children = (
			);
			path = View;
			sourceTree = "<group>";
		};
		2E6257CF1F585B5300897335 /* Model */ = {
			isa = PBXGroup;
			children = (
			);
			path = Model;
			sourceTree = "<group>";
		};
		2E686A981F57C3CF004F6E43 = {
			isa = PBXGroup;
			children = (
				2E686AA31F57C3CF004F6E43 /* SWCookMenu */,
				2E686AA21F57C3CF004F6E43 /* Products */,
				5800984E606185BEC68B72A3 /* Pods */,
				23F41E612CED0CEABF321F0E /* Frameworks */,
			);
			sourceTree = "<group>";
		};
		2E686AA21F57C3CF004F6E43 /* Products */ = {
			isa = PBXGroup;
			children = (
				2E686AA11F57C3CF004F6E43 /* SWCookMenu.app */,
			);
			name = Products;
			sourceTree = "<group>";
		};
		2E686AA31F57C3CF004F6E43 /* SWCookMenu */ = {
			isa = PBXGroup;
			children = (
				2E686AA41F57C3CF004F6E43 /* AppDelegate.swift */,
				2E6257C41F58120D00897335 /* Base */,
				2E686AB91F57CC19004F6E43 /* Constants */,
				2E686AB61F57CBB1004F6E43 /* Main */,
				2E6257BF1F5810E900897335 /* Classes */,
				2E686AAB1F57C3CF004F6E43 /* Assets.xcassets */,
				2E686AB01F57C3CF004F6E43 /* Info.plist */,
			);
			path = SWCookMenu;
			sourceTree = "<group>";
		};
		2E686AB61F57CBB1004F6E43 /* Main */ = {
			isa = PBXGroup;
			children = (
				2E686AB71F57CBCE004F6E43 /* SWMainViewController.swift */,
			);
			path = Main;
			sourceTree = "<group>";
		};
		2E686AB91F57CC19004F6E43 /* Constants */ = {
			isa = PBXGroup;
			children = (
				2E686ABC1F57CC42004F6E43 /* SWConstants.swift */,
			);
			path = Constants;
			sourceTree = "<group>";
		};
		2E8BB8941F5910B300FD9B5D /* View */ = {
			isa = PBXGroup;
			children = (
				2E8BB8961F59392800FD9B5D /* SWMenuTypeCell.swift */,
				2E8BB89A1F59532500FD9B5D /* SWMenuBannerView.swift */,
			);
			path = View;
			sourceTree = "<group>";
		};
		2E8BB8951F5910B300FD9B5D /* Model */ = {
			isa = PBXGroup;
			children = (
				2E8BB8981F5942CD00FD9B5D /* SWMenuHelper.swift */,
			);
			path = Model;
			sourceTree = "<group>";
		};
		5800984E606185BEC68B72A3 /* Pods */ = {
			isa = PBXGroup;
			children = (
				D13CDE48D260497215F71EF8 /* Pods-SWCookMenu.debug.xcconfig */,
				3E3EE0D3E52209B1A26B5E12 /* Pods-SWCookMenu.release.xcconfig */,
			);
			name = Pods;
			sourceTree = "<group>";
		};
/* End PBXGroup section */

/* Begin PBXNativeTarget section */
		2E686AA01F57C3CF004F6E43 /* SWCookMenu */ = {
			isa = PBXNativeTarget;
			buildConfigurationList = 2E686AB31F57C3CF004F6E43 /* Build configuration list for PBXNativeTarget "SWCookMenu" */;
			buildPhases = (
				EC3B09D3193D7025776FBC20 /* [CP] Check Pods Manifest.lock */,
				2E686A9D1F57C3CF004F6E43 /* Sources */,
				2E686A9E1F57C3CF004F6E43 /* Frameworks */,
				2E686A9F1F57C3CF004F6E43 /* Resources */,
				177BD3D754AF2894131A1EED /* [CP] Embed Pods Frameworks */,
				4FBCD112F9B270388815E911 /* [CP] Copy Pods Resources */,
			);
			buildRules = (
			);
			dependencies = (
			);
			name = SWCookMenu;
			productName = SWCookMenu;
			productReference = 2E686AA11F57C3CF004F6E43 /* SWCookMenu.app */;
			productType = "com.apple.product-type.application";
		};
/* End PBXNativeTarget section */

/* Begin PBXProject section */
		2E686A991F57C3CF004F6E43 /* Project object */ = {
			isa = PBXProject;
			attributes = {
				LastSwiftUpdateCheck = 0830;
				LastUpgradeCheck = 0830;
				ORGANIZATIONNAME = selwyn;
				TargetAttributes = {
					2E686AA01F57C3CF004F6E43 = {
						CreatedOnToolsVersion = 8.3.3;
						DevelopmentTeam = 28XRZ273MD;
						ProvisioningStyle = Automatic;
					};
				};
			};
			buildConfigurationList = 2E686A9C1F57C3CF004F6E43 /* Build configuration list for PBXProject "SWCookMenu" */;
			compatibilityVersion = "Xcode 3.2";
			developmentRegion = English;
			hasScannedForEncodings = 0;
			knownRegions = (
				en,
				Base,
			);
			mainGroup = 2E686A981F57C3CF004F6E43;
			productRefGroup = 2E686AA21F57C3CF004F6E43 /* Products */;
			projectDirPath = "";
			projectRoot = "";
			targets = (
				2E686AA01F57C3CF004F6E43 /* SWCookMenu */,
			);
		};
/* End PBXProject section */

/* Begin PBXResourcesBuildPhase section */
		2E686A9F1F57C3CF004F6E43 /* Resources */ = {
			isa = PBXResourcesBuildPhase;
			buildActionMask = 2147483647;
			files = (
				2E686AAC1F57C3CF004F6E43 /* Assets.xcassets in Resources */,
			);
			runOnlyForDeploymentPostprocessing = 0;
		};
/* End PBXResourcesBuildPhase section */

/* Begin PBXShellScriptBuildPhase section */
		177BD3D754AF2894131A1EED /* [CP] Embed Pods Frameworks */ = {
			isa = PBXShellScriptBuildPhase;
			buildActionMask = 2147483647;
			files = (
			);
			inputPaths = (
			);
			name = "[CP] Embed Pods Frameworks";
			outputPaths = (
			);
			runOnlyForDeploymentPostprocessing = 0;
			shellPath = /bin/sh;
			shellScript = "\"${SRCROOT}/Pods/Target Support Files/Pods-SWCookMenu/Pods-SWCookMenu-frameworks.sh\"\n";
			showEnvVarsInLog = 0;
		};
		4FBCD112F9B270388815E911 /* [CP] Copy Pods Resources */ = {
			isa = PBXShellScriptBuildPhase;
			buildActionMask = 2147483647;
			files = (
			);
			inputPaths = (
			);
			name = "[CP] Copy Pods Resources";
			outputPaths = (
			);
			runOnlyForDeploymentPostprocessing = 0;
			shellPath = /bin/sh;
			shellScript = "\"${SRCROOT}/Pods/Target Support Files/Pods-SWCookMenu/Pods-SWCookMenu-resources.sh\"\n";
			showEnvVarsInLog = 0;
		};
		EC3B09D3193D7025776FBC20 /* [CP] Check Pods Manifest.lock */ = {
			isa = PBXShellScriptBuildPhase;
			buildActionMask = 2147483647;
			files = (
			);
			inputPaths = (
			);
			name = "[CP] Check Pods Manifest.lock";
			outputPaths = (
			);
			runOnlyForDeploymentPostprocessing = 0;
			shellPath = /bin/sh;
			shellScript = "diff \"${PODS_PODFILE_DIR_PATH}/Podfile.lock\" \"${PODS_ROOT}/Manifest.lock\" > /dev/null\nif [ $? != 0 ] ; then\n    # print error to STDERR\n    echo \"error: The sandbox is not in sync with the Podfile.lock. Run 'pod install' or update your CocoaPods installation.\" >&2\n    exit 1\nfi\n";
			showEnvVarsInLog = 0;
		};
/* End PBXShellScriptBuildPhase section */

/* Begin PBXSourcesBuildPhase section */
		2E686A9D1F57C3CF004F6E43 /* Sources */ = {
			isa = PBXSourcesBuildPhase;
			buildActionMask = 2147483647;
			files = (
				2E8BB8931F58EE5500FD9B5D /* SWCollectionViewController.swift in Sources */,
				2E686AA51F57C3CF004F6E43 /* AppDelegate.swift in Sources */,
				2E6257C71F58121E00897335 /* SWBaseViewController.swift in Sources */,
				2E6257CD1F58237D00897335 /* SWTypeViewController.swift in Sources */,
				2E6257C91F5812E700897335 /* SWMoreViewController.swift in Sources */,
				2E6257CB1F58237100897335 /* SWMenuViewController.swift in Sources */,
				2E8BB8991F5942CD00FD9B5D /* SWMenuHelper.swift in Sources */,
				2E8BB89B1F59532500FD9B5D /* SWMenuBannerView.swift in Sources */,
				2E686ABD1F57CC42004F6E43 /* SWConstants.swift in Sources */,
				2E8BB8971F59392800FD9B5D /* SWMenuTypeCell.swift in Sources */,
				2E686AB81F57CBCE004F6E43 /* SWMainViewController.swift in Sources */,
			);
			runOnlyForDeploymentPostprocessing = 0;
		};
/* End PBXSourcesBuildPhase section */

/* Begin XCBuildConfiguration section */
		2E686AB11F57C3CF004F6E43 /* Debug */ = {
			isa = XCBuildConfiguration;
			buildSettings = {
				ALWAYS_SEARCH_USER_PATHS = NO;
				CLANG_ANALYZER_NONNULL = YES;
				CLANG_ANALYZER_NUMBER_OBJECT_CONVERSION = YES_AGGRESSIVE;
				CLANG_CXX_LANGUAGE_STANDARD = "gnu++0x";
				CLANG_CXX_LIBRARY = "libc++";
				CLANG_ENABLE_MODULES = YES;
				CLANG_ENABLE_OBJC_ARC = YES;
				CLANG_WARN_BOOL_CONVERSION = YES;
				CLANG_WARN_CONSTANT_CONVERSION = YES;
				CLANG_WARN_DIRECT_OBJC_ISA_USAGE = YES_ERROR;
				CLANG_WARN_DOCUMENTATION_COMMENTS = YES;
				CLANG_WARN_EMPTY_BODY = YES;
				CLANG_WARN_ENUM_CONVERSION = YES;
				CLANG_WARN_INFINITE_RECURSION = YES;
				CLANG_WARN_INT_CONVERSION = YES;
				CLANG_WARN_OBJC_ROOT_CLASS = YES_ERROR;
				CLANG_WARN_SUSPICIOUS_MOVE = YES;
				CLANG_WARN_UNREACHABLE_CODE = YES;
				CLANG_WARN__DUPLICATE_METHOD_MATCH = YES;
				"CODE_SIGN_IDENTITY[sdk=iphoneos*]" = "iPhone Developer";
				COPY_PHASE_STRIP = NO;
				DEBUG_INFORMATION_FORMAT = dwarf;
				ENABLE_STRICT_OBJC_MSGSEND = YES;
				ENABLE_TESTABILITY = YES;
				GCC_C_LANGUAGE_STANDARD = gnu99;
				GCC_DYNAMIC_NO_PIC = NO;
				GCC_NO_COMMON_BLOCKS = YES;
				GCC_OPTIMIZATION_LEVEL = 0;
				GCC_PREPROCESSOR_DEFINITIONS = (
					"DEBUG=1",
					"$(inherited)",
				);
				GCC_WARN_64_TO_32_BIT_CONVERSION = YES;
				GCC_WARN_ABOUT_RETURN_TYPE = YES_ERROR;
				GCC_WARN_UNDECLARED_SELECTOR = YES;
				GCC_WARN_UNINITIALIZED_AUTOS = YES_AGGRESSIVE;
				GCC_WARN_UNUSED_FUNCTION = YES;
				GCC_WARN_UNUSED_VARIABLE = YES;
				IPHONEOS_DEPLOYMENT_TARGET = 10.3;
				MTL_ENABLE_DEBUG_INFO = YES;
				ONLY_ACTIVE_ARCH = YES;
				SDKROOT = iphoneos;
				SWIFT_ACTIVE_COMPILATION_CONDITIONS = DEBUG;
				SWIFT_OPTIMIZATION_LEVEL = "-Onone";
				TARGETED_DEVICE_FAMILY = "1,2";
			};
			name = Debug;
		};
		2E686AB21F57C3CF004F6E43 /* Release */ = {
			isa = XCBuildConfiguration;
			buildSettings = {
				ALWAYS_SEARCH_USER_PATHS = NO;
				CLANG_ANALYZER_NONNULL = YES;
				CLANG_ANALYZER_NUMBER_OBJECT_CONVERSION = YES_AGGRESSIVE;
				CLANG_CXX_LANGUAGE_STANDARD = "gnu++0x";
				CLANG_CXX_LIBRARY = "libc++";
				CLANG_ENABLE_MODULES = YES;
				CLANG_ENABLE_OBJC_ARC = YES;
				CLANG_WARN_BOOL_CONVERSION = YES;
				CLANG_WARN_CONSTANT_CONVERSION = YES;
				CLANG_WARN_DIRECT_OBJC_ISA_USAGE = YES_ERROR;
				CLANG_WARN_DOCUMENTATION_COMMENTS = YES;
				CLANG_WARN_EMPTY_BODY = YES;
				CLANG_WARN_ENUM_CONVERSION = YES;
				CLANG_WARN_INFINITE_RECURSION = YES;
				CLANG_WARN_INT_CONVERSION = YES;
				CLANG_WARN_OBJC_ROOT_CLASS = YES_ERROR;
				CLANG_WARN_SUSPICIOUS_MOVE = YES;
				CLANG_WARN_UNREACHABLE_CODE = YES;
				CLANG_WARN__DUPLICATE_METHOD_MATCH = YES;
				"CODE_SIGN_IDENTITY[sdk=iphoneos*]" = "iPhone Developer";
				COPY_PHASE_STRIP = NO;
				DEBUG_INFORMATION_FORMAT = "dwarf-with-dsym";
				ENABLE_NS_ASSERTIONS = NO;
				ENABLE_STRICT_OBJC_MSGSEND = YES;
				GCC_C_LANGUAGE_STANDARD = gnu99;
				GCC_NO_COMMON_BLOCKS = YES;
				GCC_WARN_64_TO_32_BIT_CONVERSION = YES;
				GCC_WARN_ABOUT_RETURN_TYPE = YES_ERROR;
				GCC_WARN_UNDECLARED_SELECTOR = YES;
				GCC_WARN_UNINITIALIZED_AUTOS = YES_AGGRESSIVE;
				GCC_WARN_UNUSED_FUNCTION = YES;
				GCC_WARN_UNUSED_VARIABLE = YES;
				IPHONEOS_DEPLOYMENT_TARGET = 10.3;
				MTL_ENABLE_DEBUG_INFO = NO;
				SDKROOT = iphoneos;
				SWIFT_OPTIMIZATION_LEVEL = "-Owholemodule";
				TARGETED_DEVICE_FAMILY = "1,2";
				VALIDATE_PRODUCT = YES;
			};
			name = Release;
		};
		2E686AB41F57C3CF004F6E43 /* Debug */ = {
			isa = XCBuildConfiguration;
			baseConfigurationReference = D13CDE48D260497215F71EF8 /* Pods-SWCookMenu.debug.xcconfig */;
			buildSettings = {
				ASSETCATALOG_COMPILER_APPICON_NAME = AppIcon;
				ASSETCATALOG_COMPILER_LAUNCHIMAGE_NAME = LaunchImage;
				DEVELOPMENT_TEAM = 28XRZ273MD;
				INFOPLIST_FILE = SWCookMenu/Info.plist;
				IPHONEOS_DEPLOYMENT_TARGET = 8.0;
				LD_RUNPATH_SEARCH_PATHS = "$(inherited) @executable_path/Frameworks";
				PRODUCT_BUNDLE_IDENTIFIER = com.selwyn.SWCookMenu;
				PRODUCT_NAME = "$(TARGET_NAME)";
				SWIFT_VERSION = 3.0;
				TARGETED_DEVICE_FAMILY = 1;
			};
			name = Debug;
		};
		2E686AB51F57C3CF004F6E43 /* Release */ = {
			isa = XCBuildConfiguration;
			baseConfigurationReference = 3E3EE0D3E52209B1A26B5E12 /* Pods-SWCookMenu.release.xcconfig */;
			buildSettings = {
				ASSETCATALOG_COMPILER_APPICON_NAME = AppIcon;
				ASSETCATALOG_COMPILER_LAUNCHIMAGE_NAME = LaunchImage;
				DEVELOPMENT_TEAM = 28XRZ273MD;
				INFOPLIST_FILE = SWCookMenu/Info.plist;
				IPHONEOS_DEPLOYMENT_TARGET = 8.0;
				LD_RUNPATH_SEARCH_PATHS = "$(inherited) @executable_path/Frameworks";
				PRODUCT_BUNDLE_IDENTIFIER = com.selwyn.SWCookMenu;
				PRODUCT_NAME = "$(TARGET_NAME)";
				SWIFT_VERSION = 3.0;
				TARGETED_DEVICE_FAMILY = 1;
			};
			name = Release;
		};
/* End XCBuildConfiguration section */

/* Begin XCConfigurationList section */
		2E686A9C1F57C3CF004F6E43 /* Build configuration list for PBXProject "SWCookMenu" */ = {
			isa = XCConfigurationList;
			buildConfigurations = (
				2E686AB11F57C3CF004F6E43 /* Debug */,
				2E686AB21F57C3CF004F6E43 /* Release */,
			);
			defaultConfigurationIsVisible = 0;
			defaultConfigurationName = Release;
		};
		2E686AB31F57C3CF004F6E43 /* Build configuration list for PBXNativeTarget "SWCookMenu" */ = {
			isa = XCConfigurationList;
			buildConfigurations = (
				2E686AB41F57C3CF004F6E43 /* Debug */,
				2E686AB51F57C3CF004F6E43 /* Release */,
			);
			defaultConfigurationIsVisible = 0;
			defaultConfigurationName = Release;
		};
/* End XCConfigurationList section */
	};
	rootObject = 2E686A991F57C3CF004F6E43 /* Project object */;
}
